
Microsoft Visual Studio Solution File, Format Version 12.00
# Visual Studio Version 17
VisualStudioVersion = 17.8.34511.84
MinimumVisualStudioVersion = 10.0.40219.1
Project("{FAE04EC0-301F-11D3-BF4B-00C04F79EFBC}") = "Prog_2B_part_1", "Prog_2B_part_1\Prog_2B_part_1.csproj", "{0767242E-2938-4BFA-B8F3-A7F345E653D7}"
EndProject
Global
	GlobalSection(SolutionConfigurationPlatforms) = preSolution
		Debug|Any CPU = Debug|Any CPU
		Release|Any CPU = Release|Any CPU
	EndGlobalSection
	GlobalSection(ProjectConfigurationPlatforms) = postSolution
		{0767242E-2938-4BFA-B8F3-A7F345E653D7}.Debug|Any CPU.ActiveCfg = Debug|Any CPU
		{0767242E-2938-4BFA-B8F3-A7F345E653D7}.Debug|Any CPU.Build.0 = Debug|Any CPU
		{0767242E-2938-4BFA-B8F3-A7F345E653D7}.Release|Any CPU.ActiveCfg = Release|Any CPU
		{0767242E-2938-4BFA-B8F3-A7F345E653D7}.Release|Any CPU.Build.0 = Release|Any CPU
	EndGlobalSection
	GlobalSection(SolutionProperties) = preSolution
		HideSolutionNode = FALSE
	EndGlobalSection
	GlobalSection(ExtensibilityGlobals) = postSolution
		SolutionGuid = {E6280C77-03EF-49CD-AF97-6D7A569E72BB}
	EndGlobalSection
EndGlobal
